<?xml version="1.0" encoding="utf-8"?>
<Project ToolsVersion="4.0" xmlns="http://schemas.microsoft.com/developer/msbuild/2003">
  <ItemGroup>
    <Filter Include="Source Files">
      <UniqueIdentifier>{4FC737F1-C7A5-4376-A066-2A32D752A2FF}</UniqueIdentifier>
      <Extensions>cpp;c;cc;cxx;def;odl;idl;hpj;bat;asm;asmx</Extensions>
    </Filter>
    <Filter Include="Header Files">
      <UniqueIdentifier>{93995380-89BD-4b04-88EB-625FBE52EBFB}</UniqueIdentifier>
      <Extensions>h;hpp;hxx;hm;inl;inc;xsd</Extensions>
    </Filter>
  </ItemGroup>
  <ItemGroup>
    <None Include="readme.txt" />
    <None Include="src\Makefile" />
    <None Include="src\mkdef.sh" />
    <None Include="src\CMakeLists.txt" />
    <None Include="src\Makefile.win" />
  </ItemGroup>
  <ItemGroup>
    <ClInclude Include="src\gsdesign.h">
      <Filter>Header Files</Filter>
    </ClInclude>
    <ClInclude Include="src\gsDesignGUI.h">
      <Filter>Header Files</Filter>
    </ClInclude>
    <ClInclude Include="src\GsRList.h">
      <Filter>Header Files</Filter>
    </ClInclude>
    <ClInclude Include="src\Rcpp.hpp">
      <Filter>Header Files</Filter>
    </ClInclude>
  </ItemGroup>
  <ItemGroup>
    <ClCompile Include="src\gsdesign.cpp">
      <Filter>Source Files</Filter>
    </ClCompile>
    <ClCompile Include="src\gsDesignGUI.cpp">
      <Filter>Source Files</Filter>
    </ClCompile>
    <ClCompile Include="src\gsDesignTips.cpp">
      <Filter>Source Files</Filter>
    </ClCompile>
    <ClCompile Include="src\GsRList.cpp">
      <Filter>Source Files</Filter>
    </ClCompile>
    <ClCompile Include="src\main.cpp">
      <Filter>Source Files</Filter>
    </ClCompile>
    <ClCompile Include="src\Rcpp.cpp">
      <Filter>Source Files</Filter>
    </ClCompile>
  </ItemGroup>
</Project>